
Microsoft Visual Studio Solution File, Format Version 12.00
# Visual Studio Version 17
VisualStudioVersion = 17.8.34330.188
MinimumVisualStudioVersion = 10.0.40219.1
Project("{FAE04EC0-301F-11D3-BF4B-00C04F79EFBC}") = "RV NavLog", "RV NavLog.csproj", "{A8769337-CAAB-48F5-A536-1F1DAE280A74}"
EndProject
Global
	GlobalSection(SolutionConfigurationPlatforms) = preSolution
		Debug|Any CPU = Debug|Any CPU
		Release|Any CPU = Release|Any CPU
	EndGlobalSection
	GlobalSection(ProjectConfigurationPlatforms) = postSolution
		{A8769337-CAAB-48F5-A536-1F1DAE280A74}.Debug|Any CPU.ActiveCfg = Debug|Any CPU
		{A8769337-CAAB-48F5-A536-1F1DAE280A74}.Debug|Any CPU.Build.0 = Debug|Any CPU
		{A8769337-CAAB-48F5-A536-1F1DAE280A74}.Release|Any CPU.ActiveCfg = Release|Any CPU
		{A8769337-CAAB-48F5-A536-1F1DAE280A74}.Release|Any CPU.Build.0 = Release|Any CPU
	EndGlobalSection
	GlobalSection(SolutionProperties) = preSolution
		HideSolutionNode = FALSE
	EndGlobalSection
	GlobalSection(ExtensibilityGlobals) = postSolution
		SolutionGuid = {104587C2-B498-40EF-B951-1AFA920E1CA9}
	EndGlobalSection
EndGlobal
